// !$*UTF8*$!
{
	archiveVersion = 1;
	classes = {
	};
	objectVersion = 46;
	objects = {

/* Begin PBXBuildFile section */
		BB0EFD841C275F4D006FD07E /* CoreData.xcdatamodeld in Sources */ = {isa = PBXBuildFile; fileRef = BB0EFD821C275F4D006FD07E /* CoreData.xcdatamodeld */; };
		BB0EFD8E1C2765EE006FD07E /* Tickets+CoreDataProperties.swift in Sources */ = {isa = PBXBuildFile; fileRef = BB0EFD8C1C2765EE006FD07E /* Tickets+CoreDataProperties.swift */; };
		BB0EFD8F1C2765EE006FD07E /* Tickets.swift in Sources */ = {isa = PBXBuildFile; fileRef = BB0EFD8D1C2765EE006FD07E /* Tickets.swift */; };
		BB0EFD911C276CDE006FD07E /* DataController.swift in Sources */ = {isa = PBXBuildFile; fileRef = BB0EFD901C276CDE006FD07E /* DataController.swift */; };
		BB7A86461C1CA1C800481D21 /* AppDelegate.swift in Sources */ = {isa = PBXBuildFile; fileRef = BB7A86451C1CA1C800481D21 /* AppDelegate.swift */; };
		BB7A86481C1CA1C800481D21 /* ViewController.swift in Sources */ = {isa = PBXBuildFile; fileRef = BB7A86471C1CA1C800481D21 /* ViewController.swift */; };
		BB7A864B1C1CA1C800481D21 /* Main.storyboard in Resources */ = {isa = PBXBuildFile; fileRef = BB7A86491C1CA1C800481D21 /* Main.storyboard */; };
		BB7A864D1C1CA1C800481D21 /* Assets.xcassets in Resources */ = {isa = PBXBuildFile; fileRef = BB7A864C1C1CA1C800481D21 /* Assets.xcassets */; };
		BB7A86501C1CA1C800481D21 /* LaunchScreen.storyboard in Resources */ = {isa = PBXBuildFile; fileRef = BB7A864E1C1CA1C800481D21 /* LaunchScreen.storyboard */; };
		BB89644A1C26E9AF00F4F707 /* indicator.png in Resources */ = {isa = PBXBuildFile; fileRef = BB8964491C26E9AF00F4F707 /* indicator.png */; };
		BB8964501C26E9B900F4F707 /* info31.png in Resources */ = {isa = PBXBuildFile; fileRef = BB89644B1C26E9B900F4F707 /* info31.png */; };
		BB8964521C26E9B900F4F707 /* park2.png in Resources */ = {isa = PBXBuildFile; fileRef = BB89644D1C26E9B900F4F707 /* park2.png */; };
		BB8964531C26E9B900F4F707 /* power17.png in Resources */ = {isa = PBXBuildFile; fileRef = BB89644E1C26E9B900F4F707 /* power17.png */; };
		BB8964541C26E9B900F4F707 /* smartphone233.png in Resources */ = {isa = PBXBuildFile; fileRef = BB89644F1C26E9B900F4F707 /* smartphone233.png */; };
		D603C37B1C2346C8006537D7 /* ViewControllerTable.swift in Sources */ = {isa = PBXBuildFile; fileRef = D603C37A1C2346C8006537D7 /* ViewControllerTable.swift */; };
		D603C37D1C234709006537D7 /* ViewControllerHelp.swift in Sources */ = {isa = PBXBuildFile; fileRef = D603C37C1C234709006537D7 /* ViewControllerHelp.swift */; };
/* End PBXBuildFile section */

/* Begin PBXFileReference section */
		BB0EFD831C275F4D006FD07E /* CoreData.xcdatamodel */ = {isa = PBXFileReference; lastKnownFileType = wrapper.xcdatamodel; path = CoreData.xcdatamodel; sourceTree = "<group>"; };
		BB0EFD851C2765B5006FD07E /* QRCodeGen-Bridging-Header.h */ = {isa = PBXFileReference; lastKnownFileType = sourcecode.c.h; path = "QRCodeGen-Bridging-Header.h"; sourceTree = "<group>"; };
		BB0EFD8C1C2765EE006FD07E /* Tickets+CoreDataProperties.swift */ = {isa = PBXFileReference; fileEncoding = 4; lastKnownFileType = sourcecode.swift; path = "Tickets+CoreDataProperties.swift"; sourceTree = "<group>"; };
		BB0EFD8D1C2765EE006FD07E /* Tickets.swift */ = {isa = PBXFileReference; fileEncoding = 4; lastKnownFileType = sourcecode.swift; path = Tickets.swift; sourceTree = "<group>"; };
		BB0EFD901C276CDE006FD07E /* DataController.swift */ = {isa = PBXFileReference; fileEncoding = 4; lastKnownFileType = sourcecode.swift; path = DataController.swift; sourceTree = "<group>"; };
		BB7A86421C1CA1C800481D21 /* QRCodeGen.app */ = {isa = PBXFileReference; explicitFileType = wrapper.application; includeInIndex = 0; path = QRCodeGen.app; sourceTree = BUILT_PRODUCTS_DIR; };
		BB7A86451C1CA1C800481D21 /* AppDelegate.swift */ = {isa = PBXFileReference; lastKnownFileType = sourcecode.swift; path = AppDelegate.swift; sourceTree = "<group>"; };
		BB7A86471C1CA1C800481D21 /* ViewController.swift */ = {isa = PBXFileReference; lastKnownFileType = sourcecode.swift; path = ViewController.swift; sourceTree = "<group>"; };
		BB7A864A1C1CA1C800481D21 /* Base */ = {isa = PBXFileReference; lastKnownFileType = file.storyboard; name = Base; path = Base.lproj/Main.storyboard; sourceTree = "<group>"; };
		BB7A864C1C1CA1C800481D21 /* Assets.xcassets */ = {isa = PBXFileReference; lastKnownFileType = folder.assetcatalog; path = Assets.xcassets; sourceTree = "<group>"; };
		BB7A864F1C1CA1C800481D21 /* Base */ = {isa = PBXFileReference; lastKnownFileType = file.storyboard; name = Base; path = Base.lproj/LaunchScreen.storyboard; sourceTree = "<group>"; };
		BB7A86511C1CA1C800481D21 /* Info.plist */ = {isa = PBXFileReference; lastKnownFileType = text.plist.xml; path = Info.plist; sourceTree = "<group>"; };
		BB8964491C26E9AF00F4F707 /* indicator.png */ = {isa = PBXFileReference; lastKnownFileType = image.png; path = indicator.png; sourceTree = "<group>"; };
		BB89644B1C26E9B900F4F707 /* info31.png */ = {isa = PBXFileReference; lastKnownFileType = image.png; path = info31.png; sourceTree = "<group>"; };
		BB89644D1C26E9B900F4F707 /* park2.png */ = {isa = PBXFileReference; lastKnownFileType = image.png; path = park2.png; sourceTree = "<group>"; };
		BB89644E1C26E9B900F4F707 /* power17.png */ = {isa = PBXFileReference; lastKnownFileType = image.png; path = power17.png; sourceTree = "<group>"; };
		BB89644F1C26E9B900F4F707 /* smartphone233.png */ = {isa = PBXFileReference; lastKnownFileType = image.png; path = smartphone233.png; sourceTree = "<group>"; };
		D603C37A1C2346C8006537D7 /* ViewControllerTable.swift */ = {isa = PBXFileReference; fileEncoding = 4; lastKnownFileType = sourcecode.swift; path = ViewControllerTable.swift; sourceTree = "<group>"; };
		D603C37C1C234709006537D7 /* ViewControllerHelp.swift */ = {isa = PBXFileReference; fileEncoding = 4; lastKnownFileType = sourcecode.swift; path = ViewControllerHelp.swift; sourceTree = "<group>"; };
/* End PBXFileReference section */

/* Begin PBXFrameworksBuildPhase section */
		BB7A863F1C1CA1C800481D21 /* Frameworks */ = {
			isa = PBXFrameworksBuildPhase;
			buildActionMask = 2147483647;
			files = (
			);
			runOnlyForDeploymentPostprocessing = 0;
		};
/* End PBXFrameworksBuildPhase section */

/* Begin PBXGroup section */
		BB7A86391C1CA1C800481D21 = {
			isa = PBXGroup;
			children = (
				BB0EFD8C1C2765EE006FD07E /* Tickets+CoreDataProperties.swift */,
				BB0EFD8D1C2765EE006FD07E /* Tickets.swift */,
				BB7A86441C1CA1C800481D21 /* QRCodeGen */,
				BB7A86431C1CA1C800481D21 /* Products */,
				BB8964491C26E9AF00F4F707 /* indicator.png */,
				BB89644B1C26E9B900F4F707 /* info31.png */,
				BB89644D1C26E9B900F4F707 /* park2.png */,
				BB89644E1C26E9B900F4F707 /* power17.png */,
				BB89644F1C26E9B900F4F707 /* smartphone233.png */,
				BB0EFD851C2765B5006FD07E /* QRCodeGen-Bridging-Header.h */,
			);
			sourceTree = "<group>";
		};
		BB7A86431C1CA1C800481D21 /* Products */ = {
			isa = PBXGroup;
			children = (
				BB7A86421C1CA1C800481D21 /* QRCodeGen.app */,
			);
			name = Products;
			sourceTree = "<group>";
		};
		BB7A86441C1CA1C800481D21 /* QRCodeGen */ = {
			isa = PBXGroup;
			children = (
				BB7A86451C1CA1C800481D21 /* AppDelegate.swift */,
				BB7A86471C1CA1C800481D21 /* ViewController.swift */,
				BB7A86491C1CA1C800481D21 /* Main.storyboard */,
				BB0EFD821C275F4D006FD07E /* CoreData.xcdatamodeld */,
				BB7A864C1C1CA1C800481D21 /* Assets.xcassets */,
				BB7A864E1C1CA1C800481D21 /* LaunchScreen.storyboard */,
				BB7A86511C1CA1C800481D21 /* Info.plist */,
				D603C37A1C2346C8006537D7 /* ViewControllerTable.swift */,
				D603C37C1C234709006537D7 /* ViewControllerHelp.swift */,
				BB0EFD901C276CDE006FD07E /* DataController.swift */,
			);
			path = QRCodeGen;
			sourceTree = "<group>";
		};
/* End PBXGroup section */

/* Begin PBXNativeTarget section */
		BB7A86411C1CA1C800481D21 /* QRCodeGen */ = {
			isa = PBXNativeTarget;
			buildConfigurationList = BB7A86541C1CA1C800481D21 /* Build configuration list for PBXNativeTarget "QRCodeGen" */;
			buildPhases = (
				BB7A863E1C1CA1C800481D21 /* Sources */,
				BB7A863F1C1CA1C800481D21 /* Frameworks */,
				BB7A86401C1CA1C800481D21 /* Resources */,
			);
			buildRules = (
			);
			dependencies = (
			);
			name = QRCodeGen;
			productName = QRCodeGen;
			productReference = BB7A86421C1CA1C800481D21 /* QRCodeGen.app */;
			productType = "com.apple.product-type.application";
		};
/* End PBXNativeTarget section */

/* Begin PBXProject section */
		BB7A863A1C1CA1C800481D21 /* Project object */ = {
			isa = PBXProject;
			attributes = {
				LastSwiftUpdateCheck = 0720;
				LastUpgradeCheck = 0720;
				ORGANIZATIONNAME = MialinVV;
				TargetAttributes = {
					BB7A86411C1CA1C800481D21 = {
						CreatedOnToolsVersion = 7.2;
						DevelopmentTeam = M6RU8K5R5C;
					};
				};
			};
			buildConfigurationList = BB7A863D1C1CA1C800481D21 /* Build configuration list for PBXProject "QRCodeGen" */;
			compatibilityVersion = "Xcode 3.2";
			developmentRegion = English;
			hasScannedForEncodings = 0;
			knownRegions = (
				en,
				Base,
			);
			mainGroup = BB7A86391C1CA1C800481D21;
			productRefGroup = BB7A86431C1CA1C800481D21 /* Products */;
			projectDirPath = "";
			projectRoot = "";
			targets = (
				BB7A86411C1CA1C800481D21 /* QRCodeGen */,
			);
		};
/* End PBXProject section */

/* Begin PBXResourcesBuildPhase section */
		BB7A86401C1CA1C800481D21 /* Resources */ = {
			isa = PBXResourcesBuildPhase;
			buildActionMask = 2147483647;
			files = (
				BB8964521C26E9B900F4F707 /* park2.png in Resources */,
				BB8964501C26E9B900F4F707 /* info31.png in Resources */,
				BB8964541C26E9B900F4F707 /* smartphone233.png in Resources */,
				BB7A86501C1CA1C800481D21 /* LaunchScreen.storyboard in Resources */,
				BB8964531C26E9B900F4F707 /* power17.png in Resources */,
				BB89644A1C26E9AF00F4F707 /* indicator.png in Resources */,
				BB7A864D1C1CA1C800481D21 /* Assets.xcassets in Resources */,
				BB7A864B1C1CA1C800481D21 /* Main.storyboard in Resources */,
			);
			runOnlyForDeploymentPostprocessing = 0;
		};
/* End PBXResourcesBuildPhase section */

/* Begin PBXSourcesBuildPhase section */
		BB7A863E1C1CA1C800481D21 /* Sources */ = {
			isa = PBXSourcesBuildPhase;
			buildActionMask = 2147483647;
			files = (
				D603C37B1C2346C8006537D7 /* ViewControllerTable.swift in Sources */,
				BB7A86481C1CA1C800481D21 /* ViewController.swift in Sources */,
				BB0EFD841C275F4D006FD07E /* CoreData.xcdatamodeld in Sources */,
				BB7A86461C1CA1C800481D21 /* AppDelegate.swift in Sources */,
				BB0EFD8E1C2765EE006FD07E /* Tickets+CoreDataProperties.swift in Sources */,
				BB0EFD911C276CDE006FD07E /* DataController.swift in Sources */,
				D603C37D1C234709006537D7 /* ViewControllerHelp.swift in Sources */,
				BB0EFD8F1C2765EE006FD07E /* Tickets.swift in Sources */,
			);
			runOnlyForDeploymentPostprocessing = 0;
		};
/* End PBXSourcesBuildPhase section */

/* Begin PBXVariantGroup section */
		BB7A86491C1CA1C800481D21 /* Main.storyboard */ = {
			isa = PBXVariantGroup;
			children = (
				BB7A864A1C1CA1C800481D21 /* Base */,
			);
			name = Main.storyboard;
			sourceTree = "<group>";
		};
		BB7A864E1C1CA1C800481D21 /* LaunchScreen.storyboard */ = {
			isa = PBXVariantGroup;
			children = (
				BB7A864F1C1CA1C800481D21 /* Base */,
			);
			name = LaunchScreen.storyboard;
			sourceTree = "<group>";
		};
/* End PBXVariantGroup section */

/* Begin XCBuildConfiguration section */
		BB7A86521C1CA1C800481D21 /* Debug */ = {
			isa = XCBuildConfiguration;
			buildSettings = {
				ALWAYS_SEARCH_USER_PATHS = NO;
				CLANG_CXX_LANGUAGE_STANDARD = "gnu++0x";
				CLANG_CXX_LIBRARY = "libc++";
				CLANG_ENABLE_MODULES = YES;
				CLANG_ENABLE_OBJC_ARC = YES;
				CLANG_WARN_BOOL_CONVERSION = YES;
				CLANG_WARN_CONSTANT_CONVERSION = YES;
				CLANG_WARN_DIRECT_OBJC_ISA_USAGE = YES_ERROR;
				CLANG_WARN_EMPTY_BODY = YES;
				CLANG_WARN_ENUM_CONVERSION = YES;
				CLANG_WARN_INT_CONVERSION = YES;
				CLANG_WARN_OBJC_ROOT_CLASS = YES_ERROR;
				CLANG_WARN_UNREACHABLE_CODE = YES;
				CLANG_WARN__DUPLICATE_METHOD_MATCH = YES;
				"CODE_SIGN_IDENTITY[sdk=iphoneos*]" = "iPhone Developer";
				COPY_PHASE_STRIP = NO;
				DEBUG_INFORMATION_FORMAT = dwarf;
				ENABLE_STRICT_OBJC_MSGSEND = YES;
				ENABLE_TESTABILITY = YES;
				GCC_C_LANGUAGE_STANDARD = gnu99;
				GCC_DYNAMIC_NO_PIC = NO;
				GCC_NO_COMMON_BLOCKS = YES;
				GCC_OPTIMIZATION_LEVEL = 0;
				GCC_PREPROCESSOR_DEFINITIONS = (
					"DEBUG=1",
					"$(inherited)",
				);
				GCC_WARN_64_TO_32_BIT_CONVERSION = YES;
				GCC_WARN_ABOUT_RETURN_TYPE = YES_ERROR;
				GCC_WARN_UNDECLARED_SELECTOR = YES;
				GCC_WARN_UNINITIALIZED_AUTOS = YES_AGGRESSIVE;
				GCC_WARN_UNUSED_FUNCTION = YES;
				GCC_WARN_UNUSED_VARIABLE = YES;
				IPHONEOS_DEPLOYMENT_TARGET = 9.2;
				MTL_ENABLE_DEBUG_INFO = YES;
				ONLY_ACTIVE_ARCH = YES;
				SDKROOT = iphoneos;
				SWIFT_OPTIMIZATION_LEVEL = "-Onone";
			};
			name = Debug;
		};
		BB7A86531C1CA1C800481D21 /* Release */ = {
			isa = XCBuildConfiguration;
			buildSettings = {
				ALWAYS_SEARCH_USER_PATHS = NO;
				CLANG_CXX_LANGUAGE_STANDARD = "gnu++0x";
				CLANG_CXX_LIBRARY = "libc++";
				CLANG_ENABLE_MODULES = YES;
				CLANG_ENABLE_OBJC_ARC = YES;
				CLANG_WARN_BOOL_CONVERSION = YES;
				CLANG_WARN_CONSTANT_CONVERSION = YES;
				CLANG_WARN_DIRECT_OBJC_ISA_USAGE = YES_ERROR;
				CLANG_WARN_EMPTY_BODY = YES;
				CLANG_WARN_ENUM_CONVERSION = YES;
				CLANG_WARN_INT_CONVERSION = YES;
				CLANG_WARN_OBJC_ROOT_CLASS = YES_ERROR;
				CLANG_WARN_UNREACHABLE_CODE = YES;
				CLANG_WARN__DUPLICATE_METHOD_MATCH = YES;
				"CODE_SIGN_IDENTITY[sdk=iphoneos*]" = "iPhone Developer";
				COPY_PHASE_STRIP = NO;
				DEBUG_INFORMATION_FORMAT = "dwarf-with-dsym";
				ENABLE_NS_ASSERTIONS = NO;
				ENABLE_STRICT_OBJC_MSGSEND = YES;
				GCC_C_LANGUAGE_STANDARD = gnu99;
				GCC_NO_COMMON_BLOCKS = YES;
				GCC_WARN_64_TO_32_BIT_CONVERSION = YES;
				GCC_WARN_ABOUT_RETURN_TYPE = YES_ERROR;
				GCC_WARN_UNDECLARED_SELECTOR = YES;
				GCC_WARN_UNINITIALIZED_AUTOS = YES_AGGRESSIVE;
				GCC_WARN_UNUSED_FUNCTION = YES;
				GCC_WARN_UNUSED_VARIABLE = YES;
				IPHONEOS_DEPLOYMENT_TARGET = 9.2;
				MTL_ENABLE_DEBUG_INFO = NO;
				SDKROOT = iphoneos;
				VALIDATE_PRODUCT = YES;
			};
			name = Release;
		};
		BB7A86551C1CA1C800481D21 /* Debug */ = {
			isa = XCBuildConfiguration;
			buildSettings = {
				ASSETCATALOG_COMPILER_APPICON_NAME = AppIcon;
				CLANG_ENABLE_MODULES = YES;
				CLANG_USE_OPTIMIZATION_PROFILE = YES;
				CODE_SIGN_IDENTITY = "iPhone Developer";
				INFOPLIST_FILE = QRCodeGen/Info.plist;
				IPHONEOS_DEPLOYMENT_TARGET = 7.1;
				LD_RUNPATH_SEARCH_PATHS = "$(inherited) @executable_path/Frameworks";
				PRODUCT_BUNDLE_IDENTIFIER = MialinVV.QRCodeGen;
				PRODUCT_NAME = "$(TARGET_NAME)";
				SWIFT_OBJC_BRIDGING_HEADER = "QRCodeGen-Bridging-Header.h";
				SWIFT_OPTIMIZATION_LEVEL = "-Onone";
			};
			name = Debug;
		};
		BB7A86561C1CA1C800481D21 /* Release */ = {
			isa = XCBuildConfiguration;
			buildSettings = {
				ASSETCATALOG_COMPILER_APPICON_NAME = AppIcon;
				CLANG_ENABLE_MODULES = YES;
				CLANG_USE_OPTIMIZATION_PROFILE = YES;
				CODE_SIGN_IDENTITY = "iPhone Developer";
				INFOPLIST_FILE = QRCodeGen/Info.plist;
				IPHONEOS_DEPLOYMENT_TARGET = 7.1;
				LD_RUNPATH_SEARCH_PATHS = "$(inherited) @executable_path/Frameworks";
				PRODUCT_BUNDLE_IDENTIFIER = MialinVV.QRCodeGen;
				PRODUCT_NAME = "$(TARGET_NAME)";
				SWIFT_OBJC_BRIDGING_HEADER = "QRCodeGen-Bridging-Header.h";
			};
			name = Release;
		};
/* End XCBuildConfiguration section */

/* Begin XCConfigurationList section */
		BB7A863D1C1CA1C800481D21 /* Build configuration list for PBXProject "QRCodeGen" */ = {
			isa = XCConfigurationList;
			buildConfigurations = (
				BB7A86521C1CA1C800481D21 /* Debug */,
				BB7A86531C1CA1C800481D21 /* Release */,
			);
			defaultConfigurationIsVisible = 0;
			defaultConfigurationName = Release;
		};
		BB7A86541C1CA1C800481D21 /* Build configuration list for PBXNativeTarget "QRCodeGen" */ = {
			isa = XCConfigurationList;
			buildConfigurations = (
				BB7A86551C1CA1C800481D21 /* Debug */,
				BB7A86561C1CA1C800481D21 /* Release */,
			);
			defaultConfigurationIsVisible = 0;
			defaultConfigurationName = Release;
		};
/* End XCConfigurationList section */

/* Begin XCVersionGroup section */
		BB0EFD821C275F4D006FD07E /* CoreData.xcdatamodeld */ = {
			isa = XCVersionGroup;
			children = (
				BB0EFD831C275F4D006FD07E /* CoreData.xcdatamodel */,
			);
			currentVersion = BB0EFD831C275F4D006FD07E /* CoreData.xcdatamodel */;
			name = CoreData.xcdatamodeld;
			path = ../CoreData.xcdatamodeld;
			sourceTree = "<group>";
			versionGroupType = wrapper.xcdatamodel;
		};
/* End XCVersionGroup section */
	};
	rootObject = BB7A863A1C1CA1C800481D21 /* Project object */;
}
